
Microsoft Visual Studio Solution File, Format Version 12.00
Project("{2150E333-8FDC-42A3-9474-1A3956D46DE8}") = "src", "src", "{7B469284-ED6F-48B9-8E13-43410CEDEF32}"
EndProject
Project("{FAE04EC0-301F-11D3-BF4B-00C04F79EFBC}") = "InterviewGuide.Api", "InterviewGuide.Api\InterviewGuide.Api.csproj", "{067164AF-AB64-4DB3-9F8E-BB2533566F47}"
EndProject
Project("{FAE04EC0-301F-11D3-BF4B-00C04F79EFBC}") = "InterviewGuide.Domain", "InterviewGuide.Domain\InterviewGuide.Domain.csproj", "{B8BF17C0-5DA2-4E5C-928E-938FABA00171}"
EndProject
Project("{FAE04EC0-301F-11D3-BF4B-00C04F79EFBC}") = "InterviewGuide.Application", "InterviewGuide.Application\InterviewGuide.Application.csproj", "{94068336-3075-423B-95B2-60A6E4DC37C5}"
EndProject
Project("{FAE04EC0-301F-11D3-BF4B-00C04F79EFBC}") = "InterviewGuide.Infrastructure", "InterviewGuide.Infrastructure\InterviewGuide.Infrastructure.csproj", "{D3613944-226B-4BE6-9B70-3A61A6373595}"
EndProject
Global
	GlobalSection(SolutionConfigurationPlatforms) = preSolution
		Debug|Any CPU = Debug|Any CPU
		Release|Any CPU = Release|Any CPU
	EndGlobalSection
	GlobalSection(ProjectConfigurationPlatforms) = postSolution
		{067164AF-AB64-4DB3-9F8E-BB2533566F47}.Debug|Any CPU.ActiveCfg = Debug|Any CPU
		{067164AF-AB64-4DB3-9F8E-BB2533566F47}.Debug|Any CPU.Build.0 = Debug|Any CPU
		{067164AF-AB64-4DB3-9F8E-BB2533566F47}.Release|Any CPU.ActiveCfg = Release|Any CPU
		{067164AF-AB64-4DB3-9F8E-BB2533566F47}.Release|Any CPU.Build.0 = Release|Any CPU
		{B8BF17C0-5DA2-4E5C-928E-938FABA00171}.Debug|Any CPU.ActiveCfg = Debug|Any CPU
		{B8BF17C0-5DA2-4E5C-928E-938FABA00171}.Debug|Any CPU.Build.0 = Debug|Any CPU
		{B8BF17C0-5DA2-4E5C-928E-938FABA00171}.Release|Any CPU.ActiveCfg = Release|Any CPU
		{B8BF17C0-5DA2-4E5C-928E-938FABA00171}.Release|Any CPU.Build.0 = Release|Any CPU
		{94068336-3075-423B-95B2-60A6E4DC37C5}.Debug|Any CPU.ActiveCfg = Debug|Any CPU
		{94068336-3075-423B-95B2-60A6E4DC37C5}.Debug|Any CPU.Build.0 = Debug|Any CPU
		{94068336-3075-423B-95B2-60A6E4DC37C5}.Release|Any CPU.ActiveCfg = Release|Any CPU
		{94068336-3075-423B-95B2-60A6E4DC37C5}.Release|Any CPU.Build.0 = Release|Any CPU
		{D3613944-226B-4BE6-9B70-3A61A6373595}.Debug|Any CPU.ActiveCfg = Debug|Any CPU
		{D3613944-226B-4BE6-9B70-3A61A6373595}.Debug|Any CPU.Build.0 = Debug|Any CPU
		{D3613944-226B-4BE6-9B70-3A61A6373595}.Release|Any CPU.ActiveCfg = Release|Any CPU
		{D3613944-226B-4BE6-9B70-3A61A6373595}.Release|Any CPU.Build.0 = Release|Any CPU
	EndGlobalSection
	GlobalSection(NestedProjects) = preSolution
		{067164AF-AB64-4DB3-9F8E-BB2533566F47} = {7B469284-ED6F-48B9-8E13-43410CEDEF32}
		{B8BF17C0-5DA2-4E5C-928E-938FABA00171} = {7B469284-ED6F-48B9-8E13-43410CEDEF32}
		{94068336-3075-423B-95B2-60A6E4DC37C5} = {7B469284-ED6F-48B9-8E13-43410CEDEF32}
		{D3613944-226B-4BE6-9B70-3A61A6373595} = {7B469284-ED6F-48B9-8E13-43410CEDEF32}
	EndGlobalSection
EndGlobal
